
Microsoft Visual Studio Solution File, Format Version 12.00
# Visual Studio Version 16
VisualStudioVersion = 16.0.31613.86
MinimumVisualStudioVersion = 10.0.40219.1
Project("{9A19103F-16F7-4668-BE54-9A1E7A4F7556}") = "SessionProject2W5", "SessionProject2W5.csproj", "{808A7B43-D002-4433-B438-14796B42E1CB}"
EndProject
Project("{FAE04EC0-301F-11D3-BF4B-00C04F79EFBC}") = "SessionProject2W5Tests", "..\SessionProject2W5Tests\SessionProject2W5Tests.csproj", "{9B0AFC7B-3AC5-451D-8098-F1256A118EBA}"
EndProject
Global
	GlobalSection(SolutionConfigurationPlatforms) = preSolution
		Debug|Any CPU = Debug|Any CPU
		Release|Any CPU = Release|Any CPU
	EndGlobalSection
	GlobalSection(ProjectConfigurationPlatforms) = postSolution
		{808A7B43-D002-4433-B438-14796B42E1CB}.Debug|Any CPU.ActiveCfg = Debug|Any CPU
		{808A7B43-D002-4433-B438-14796B42E1CB}.Debug|Any CPU.Build.0 = Debug|Any CPU
		{808A7B43-D002-4433-B438-14796B42E1CB}.Release|Any CPU.ActiveCfg = Release|Any CPU
		{808A7B43-D002-4433-B438-14796B42E1CB}.Release|Any CPU.Build.0 = Release|Any CPU
		{9B0AFC7B-3AC5-451D-8098-F1256A118EBA}.Debug|Any CPU.ActiveCfg = Debug|Any CPU
		{9B0AFC7B-3AC5-451D-8098-F1256A118EBA}.Debug|Any CPU.Build.0 = Debug|Any CPU
		{9B0AFC7B-3AC5-451D-8098-F1256A118EBA}.Release|Any CPU.ActiveCfg = Release|Any CPU
		{9B0AFC7B-3AC5-451D-8098-F1256A118EBA}.Release|Any CPU.Build.0 = Release|Any CPU
	EndGlobalSection
	GlobalSection(SolutionProperties) = preSolution
		HideSolutionNode = FALSE
	EndGlobalSection
	GlobalSection(ExtensibilityGlobals) = postSolution
		SolutionGuid = {11536CB2-10EF-413B-A785-B5D93BC1EC58}
	EndGlobalSection
EndGlobal
